
Microsoft Visual Studio Solution File, Format Version 12.00
# Visual Studio Version 17
VisualStudioVersion = 17.9.34728.123
MinimumVisualStudioVersion = 10.0.40219.1
Project("{8BC9CEB8-8B4A-11D0-8D11-00A0C91BC942}") = "CStudy", "CStudy.vcxproj", "{056B3D6B-7433-4DC6-AF63-37BBBE2D714C}"
EndProject
Project("{2150E333-8FDC-42A3-9474-1A3956D46DE8}") = "CH1", "CH1", "{F1E6E19B-F137-4A0D-B7F8-2B5065894222}"
EndProject
Project("{8BC9CEB8-8B4A-11D0-8D11-00A0C91BC942}") = "Ch1", "..\Ch1\Ch1.vcxproj", "{51F8FB1B-6920-411B-BED0-6797702BAB6D}"
EndProject
Global
	GlobalSection(SolutionConfigurationPlatforms) = preSolution
		Debug|x64 = Debug|x64
		Debug|x86 = Debug|x86
		Release|x64 = Release|x64
		Release|x86 = Release|x86
	EndGlobalSection
	GlobalSection(ProjectConfigurationPlatforms) = postSolution
		{056B3D6B-7433-4DC6-AF63-37BBBE2D714C}.Debug|x64.ActiveCfg = Debug|x64
		{056B3D6B-7433-4DC6-AF63-37BBBE2D714C}.Debug|x64.Build.0 = Debug|x64
		{056B3D6B-7433-4DC6-AF63-37BBBE2D714C}.Debug|x86.ActiveCfg = Debug|Win32
		{056B3D6B-7433-4DC6-AF63-37BBBE2D714C}.Debug|x86.Build.0 = Debug|Win32
		{056B3D6B-7433-4DC6-AF63-37BBBE2D714C}.Release|x64.ActiveCfg = Release|x64
		{056B3D6B-7433-4DC6-AF63-37BBBE2D714C}.Release|x64.Build.0 = Release|x64
		{056B3D6B-7433-4DC6-AF63-37BBBE2D714C}.Release|x86.ActiveCfg = Release|Win32
		{056B3D6B-7433-4DC6-AF63-37BBBE2D714C}.Release|x86.Build.0 = Release|Win32
		{51F8FB1B-6920-411B-BED0-6797702BAB6D}.Debug|x64.ActiveCfg = Debug|x64
		{51F8FB1B-6920-411B-BED0-6797702BAB6D}.Debug|x64.Build.0 = Debug|x64
		{51F8FB1B-6920-411B-BED0-6797702BAB6D}.Debug|x86.ActiveCfg = Debug|Win32
		{51F8FB1B-6920-411B-BED0-6797702BAB6D}.Debug|x86.Build.0 = Debug|Win32
		{51F8FB1B-6920-411B-BED0-6797702BAB6D}.Release|x64.ActiveCfg = Release|x64
		{51F8FB1B-6920-411B-BED0-6797702BAB6D}.Release|x64.Build.0 = Release|x64
		{51F8FB1B-6920-411B-BED0-6797702BAB6D}.Release|x86.ActiveCfg = Release|Win32
		{51F8FB1B-6920-411B-BED0-6797702BAB6D}.Release|x86.Build.0 = Release|Win32
	EndGlobalSection
	GlobalSection(SolutionProperties) = preSolution
		HideSolutionNode = FALSE
	EndGlobalSection
	GlobalSection(NestedProjects) = preSolution
		{51F8FB1B-6920-411B-BED0-6797702BAB6D} = {F1E6E19B-F137-4A0D-B7F8-2B5065894222}
	EndGlobalSection
	GlobalSection(ExtensibilityGlobals) = postSolution
		SolutionGuid = {11D52B76-C8DD-4051-ACB5-C35EA5305A43}
	EndGlobalSection
EndGlobal
