
Microsoft Visual Studio Solution File, Format Version 12.00
# Visual Studio Version 17
VisualStudioVersion = 17.9.34728.123
MinimumVisualStudioVersion = 10.0.40219.1
Project("{8BC9CEB8-8B4A-11D0-8D11-00A0C91BC942}") = "CStudy", "CStudy.vcxproj", "{056B3D6B-7433-4DC6-AF63-37BBBE2D714C}"
EndProject
Project("{2150E333-8FDC-42A3-9474-1A3956D46DE8}") = "CH1", "CH1", "{F1E6E19B-F137-4A0D-B7F8-2B5065894222}"
EndProject
Project("{8BC9CEB8-8B4A-11D0-8D11-00A0C91BC942}") = "Ch1", "..\Ch1\Ch1.vcxproj", "{51F8FB1B-6920-411B-BED0-6797702BAB6D}"
EndProject
Project("{2150E333-8FDC-42A3-9474-1A3956D46DE8}") = "CH2", "CH2", "{2D0862BA-CE9C-4180-95D8-FA6491F283AE}"
EndProject
Project("{8BC9CEB8-8B4A-11D0-8D11-00A0C91BC942}") = "Ch2", "..\Ch2\Ch2.vcxproj", "{80915BE3-244D-407C-8AFE-7F1ADB42CC41}"
EndProject
Project("{2150E333-8FDC-42A3-9474-1A3956D46DE8}") = "CH3", "CH3", "{8B03E2C4-EB2D-421D-9AEE-E31425413A76}"
EndProject
Project("{8BC9CEB8-8B4A-11D0-8D11-00A0C91BC942}") = "Operator", "..\Operator\Operator.vcxproj", "{8F37621E-10E0-4BBE-ADE7-E5356B573AB1}"
EndProject
Project("{2150E333-8FDC-42A3-9474-1A3956D46DE8}") = "CH4", "CH4", "{9AC2A9F6-61E9-4A3F-96A5-F69DEA4B3172}"
EndProject
Project("{8BC9CEB8-8B4A-11D0-8D11-00A0C91BC942}") = "Ch4", "..\Ch4\Ch4.vcxproj", "{4B12B66B-A15D-4910-883E-E3C1B97958F5}"
EndProject
Global
	GlobalSection(SolutionConfigurationPlatforms) = preSolution
		Debug|x64 = Debug|x64
		Debug|x86 = Debug|x86
		Release|x64 = Release|x64
		Release|x86 = Release|x86
	EndGlobalSection
	GlobalSection(ProjectConfigurationPlatforms) = postSolution
		{056B3D6B-7433-4DC6-AF63-37BBBE2D714C}.Debug|x64.ActiveCfg = Debug|x64
		{056B3D6B-7433-4DC6-AF63-37BBBE2D714C}.Debug|x64.Build.0 = Debug|x64
		{056B3D6B-7433-4DC6-AF63-37BBBE2D714C}.Debug|x86.ActiveCfg = Debug|Win32
		{056B3D6B-7433-4DC6-AF63-37BBBE2D714C}.Debug|x86.Build.0 = Debug|Win32
		{056B3D6B-7433-4DC6-AF63-37BBBE2D714C}.Release|x64.ActiveCfg = Release|x64
		{056B3D6B-7433-4DC6-AF63-37BBBE2D714C}.Release|x64.Build.0 = Release|x64
		{056B3D6B-7433-4DC6-AF63-37BBBE2D714C}.Release|x86.ActiveCfg = Release|Win32
		{056B3D6B-7433-4DC6-AF63-37BBBE2D714C}.Release|x86.Build.0 = Release|Win32
		{51F8FB1B-6920-411B-BED0-6797702BAB6D}.Debug|x64.ActiveCfg = Debug|x64
		{51F8FB1B-6920-411B-BED0-6797702BAB6D}.Debug|x64.Build.0 = Debug|x64
		{51F8FB1B-6920-411B-BED0-6797702BAB6D}.Debug|x86.ActiveCfg = Debug|Win32
		{51F8FB1B-6920-411B-BED0-6797702BAB6D}.Debug|x86.Build.0 = Debug|Win32
		{51F8FB1B-6920-411B-BED0-6797702BAB6D}.Release|x64.ActiveCfg = Release|x64
		{51F8FB1B-6920-411B-BED0-6797702BAB6D}.Release|x64.Build.0 = Release|x64
		{51F8FB1B-6920-411B-BED0-6797702BAB6D}.Release|x86.ActiveCfg = Release|Win32
		{51F8FB1B-6920-411B-BED0-6797702BAB6D}.Release|x86.Build.0 = Release|Win32
		{80915BE3-244D-407C-8AFE-7F1ADB42CC41}.Debug|x64.ActiveCfg = Debug|x64
		{80915BE3-244D-407C-8AFE-7F1ADB42CC41}.Debug|x64.Build.0 = Debug|x64
		{80915BE3-244D-407C-8AFE-7F1ADB42CC41}.Debug|x86.ActiveCfg = Debug|Win32
		{80915BE3-244D-407C-8AFE-7F1ADB42CC41}.Debug|x86.Build.0 = Debug|Win32
		{80915BE3-244D-407C-8AFE-7F1ADB42CC41}.Release|x64.ActiveCfg = Release|x64
		{80915BE3-244D-407C-8AFE-7F1ADB42CC41}.Release|x64.Build.0 = Release|x64
		{80915BE3-244D-407C-8AFE-7F1ADB42CC41}.Release|x86.ActiveCfg = Release|Win32
		{80915BE3-244D-407C-8AFE-7F1ADB42CC41}.Release|x86.Build.0 = Release|Win32
		{8F37621E-10E0-4BBE-ADE7-E5356B573AB1}.Debug|x64.ActiveCfg = Debug|x64
		{8F37621E-10E0-4BBE-ADE7-E5356B573AB1}.Debug|x64.Build.0 = Debug|x64
		{8F37621E-10E0-4BBE-ADE7-E5356B573AB1}.Debug|x86.ActiveCfg = Debug|Win32
		{8F37621E-10E0-4BBE-ADE7-E5356B573AB1}.Debug|x86.Build.0 = Debug|Win32
		{8F37621E-10E0-4BBE-ADE7-E5356B573AB1}.Release|x64.ActiveCfg = Release|x64
		{8F37621E-10E0-4BBE-ADE7-E5356B573AB1}.Release|x64.Build.0 = Release|x64
		{8F37621E-10E0-4BBE-ADE7-E5356B573AB1}.Release|x86.ActiveCfg = Release|Win32
		{8F37621E-10E0-4BBE-ADE7-E5356B573AB1}.Release|x86.Build.0 = Release|Win32
		{4B12B66B-A15D-4910-883E-E3C1B97958F5}.Debug|x64.ActiveCfg = Debug|x64
		{4B12B66B-A15D-4910-883E-E3C1B97958F5}.Debug|x64.Build.0 = Debug|x64
		{4B12B66B-A15D-4910-883E-E3C1B97958F5}.Debug|x86.ActiveCfg = Debug|Win32
		{4B12B66B-A15D-4910-883E-E3C1B97958F5}.Debug|x86.Build.0 = Debug|Win32
		{4B12B66B-A15D-4910-883E-E3C1B97958F5}.Release|x64.ActiveCfg = Release|x64
		{4B12B66B-A15D-4910-883E-E3C1B97958F5}.Release|x64.Build.0 = Release|x64
		{4B12B66B-A15D-4910-883E-E3C1B97958F5}.Release|x86.ActiveCfg = Release|Win32
		{4B12B66B-A15D-4910-883E-E3C1B97958F5}.Release|x86.Build.0 = Release|Win32
	EndGlobalSection
	GlobalSection(SolutionProperties) = preSolution
		HideSolutionNode = FALSE
	EndGlobalSection
	GlobalSection(NestedProjects) = preSolution
		{51F8FB1B-6920-411B-BED0-6797702BAB6D} = {F1E6E19B-F137-4A0D-B7F8-2B5065894222}
		{80915BE3-244D-407C-8AFE-7F1ADB42CC41} = {2D0862BA-CE9C-4180-95D8-FA6491F283AE}
		{8F37621E-10E0-4BBE-ADE7-E5356B573AB1} = {8B03E2C4-EB2D-421D-9AEE-E31425413A76}
		{4B12B66B-A15D-4910-883E-E3C1B97958F5} = {9AC2A9F6-61E9-4A3F-96A5-F69DEA4B3172}
	EndGlobalSection
	GlobalSection(ExtensibilityGlobals) = postSolution
		SolutionGuid = {11D52B76-C8DD-4051-ACB5-C35EA5305A43}
	EndGlobalSection
EndGlobal
