
Microsoft Visual Studio Solution File, Format Version 12.00
# Visual Studio Version 17
VisualStudioVersion = 17.9.34728.123
MinimumVisualStudioVersion = 10.0.40219.1
Project("{8BC9CEB8-8B4A-11D0-8D11-00A0C91BC942}") = "CStudy", "CStudy.vcxproj", "{056B3D6B-7433-4DC6-AF63-37BBBE2D714C}"
EndProject
Project("{2150E333-8FDC-42A3-9474-1A3956D46DE8}") = "CH1", "CH1", "{F1E6E19B-F137-4A0D-B7F8-2B5065894222}"
EndProject
Project("{8BC9CEB8-8B4A-11D0-8D11-00A0C91BC942}") = "Ch1", "..\Ch1\Ch1.vcxproj", "{51F8FB1B-6920-411B-BED0-6797702BAB6D}"
EndProject
Project("{2150E333-8FDC-42A3-9474-1A3956D46DE8}") = "CH2", "CH2", "{2D0862BA-CE9C-4180-95D8-FA6491F283AE}"
EndProject
Project("{8BC9CEB8-8B4A-11D0-8D11-00A0C91BC942}") = "Ch2", "..\Ch2\Ch2.vcxproj", "{80915BE3-244D-407C-8AFE-7F1ADB42CC41}"
EndProject
Project("{2150E333-8FDC-42A3-9474-1A3956D46DE8}") = "CH3", "CH3", "{8B03E2C4-EB2D-421D-9AEE-E31425413A76}"
EndProject
Project("{8BC9CEB8-8B4A-11D0-8D11-00A0C91BC942}") = "Operator", "..\Operator\Operator.vcxproj", "{8F37621E-10E0-4BBE-ADE7-E5356B573AB1}"
EndProject
Project("{2150E333-8FDC-42A3-9474-1A3956D46DE8}") = "CH4", "CH4", "{9AC2A9F6-61E9-4A3F-96A5-F69DEA4B3172}"
EndProject
Project("{8BC9CEB8-8B4A-11D0-8D11-00A0C91BC942}") = "Ch4", "..\Ch4\Ch4.vcxproj", "{4B12B66B-A15D-4910-883E-E3C1B97958F5}"
EndProject
Project("{2150E333-8FDC-42A3-9474-1A3956D46DE8}") = "CH5", "CH5", "{8F210428-F7A2-4BBF-B527-94DB5DE664CA}"
EndProject
Project("{8BC9CEB8-8B4A-11D0-8D11-00A0C91BC942}") = "Ch5", "..\Ch5\Ch5.vcxproj", "{7D425641-3B7B-452B-922E-8D26078E3E85}"
EndProject
Project("{2150E333-8FDC-42A3-9474-1A3956D46DE8}") = "CH6", "CH6", "{C0B14115-CCC0-4AB7-8E9F-935870BAD5A9}"
EndProject
Project("{8BC9CEB8-8B4A-11D0-8D11-00A0C91BC942}") = "Ch6", "..\Ch6\Ch6.vcxproj", "{51D5305D-486C-4115-BA56-483A39D40FC4}"
EndProject
Project("{2150E333-8FDC-42A3-9474-1A3956D46DE8}") = "Ch7", "Ch7", "{34D018D2-A88D-4C11-8EEF-98E8122DC5C5}"
EndProject
Project("{8BC9CEB8-8B4A-11D0-8D11-00A0C91BC942}") = "Ch7", "..\Ch7\Ch7.vcxproj", "{2937BCED-BF53-47B1-BD0A-5B634FE3F871}"
EndProject
Project("{2150E333-8FDC-42A3-9474-1A3956D46DE8}") = "Ch8", "Ch8", "{524402D0-095E-430B-9AD8-8D7B55B59757}"
EndProject
Project("{8BC9CEB8-8B4A-11D0-8D11-00A0C91BC942}") = "Ch8", "..\Ch8\Ch8.vcxproj", "{180B7201-45D8-4AA0-8332-3091B761CE61}"
EndProject
Project("{2150E333-8FDC-42A3-9474-1A3956D46DE8}") = "Ch9", "Ch9", "{58290CDA-27C4-411E-A0CA-A40EAEAA7337}"
EndProject
Project("{8BC9CEB8-8B4A-11D0-8D11-00A0C91BC942}") = "Ch9", "..\Ch9\Ch9.vcxproj", "{BFDE2A31-D796-4F38-AD99-E735AD255D21}"
EndProject
Project("{2150E333-8FDC-42A3-9474-1A3956D46DE8}") = "Ch10", "Ch10", "{88BC5254-E57F-4907-814F-076760AC5698}"
EndProject
Project("{8BC9CEB8-8B4A-11D0-8D11-00A0C91BC942}") = "Ch10", "..\Ch10\Ch10.vcxproj", "{803C64BA-6FC4-43DE-ADCA-025CED89EC97}"
EndProject
Project("{2150E333-8FDC-42A3-9474-1A3956D46DE8}") = "ToyProject_01", "ToyProject_01", "{A61494FB-1798-4EFF-95EB-10EBE9222314}"
EndProject
Project("{8BC9CEB8-8B4A-11D0-8D11-00A0C91BC942}") = "ToyProject_01", "..\ToyProject_01\ToyProject_01.vcxproj", "{C75BADE6-B7EE-48A8-9A6B-C4798DCA09B6}"
EndProject
Global
	GlobalSection(SolutionConfigurationPlatforms) = preSolution
		Debug|x64 = Debug|x64
		Debug|x86 = Debug|x86
		Release|x64 = Release|x64
		Release|x86 = Release|x86
	EndGlobalSection
	GlobalSection(ProjectConfigurationPlatforms) = postSolution
		{056B3D6B-7433-4DC6-AF63-37BBBE2D714C}.Debug|x64.ActiveCfg = Debug|x64
		{056B3D6B-7433-4DC6-AF63-37BBBE2D714C}.Debug|x64.Build.0 = Debug|x64
		{056B3D6B-7433-4DC6-AF63-37BBBE2D714C}.Debug|x86.ActiveCfg = Debug|Win32
		{056B3D6B-7433-4DC6-AF63-37BBBE2D714C}.Debug|x86.Build.0 = Debug|Win32
		{056B3D6B-7433-4DC6-AF63-37BBBE2D714C}.Release|x64.ActiveCfg = Release|x64
		{056B3D6B-7433-4DC6-AF63-37BBBE2D714C}.Release|x64.Build.0 = Release|x64
		{056B3D6B-7433-4DC6-AF63-37BBBE2D714C}.Release|x86.ActiveCfg = Release|Win32
		{056B3D6B-7433-4DC6-AF63-37BBBE2D714C}.Release|x86.Build.0 = Release|Win32
		{51F8FB1B-6920-411B-BED0-6797702BAB6D}.Debug|x64.ActiveCfg = Debug|x64
		{51F8FB1B-6920-411B-BED0-6797702BAB6D}.Debug|x64.Build.0 = Debug|x64
		{51F8FB1B-6920-411B-BED0-6797702BAB6D}.Debug|x86.ActiveCfg = Debug|Win32
		{51F8FB1B-6920-411B-BED0-6797702BAB6D}.Debug|x86.Build.0 = Debug|Win32
		{51F8FB1B-6920-411B-BED0-6797702BAB6D}.Release|x64.ActiveCfg = Release|x64
		{51F8FB1B-6920-411B-BED0-6797702BAB6D}.Release|x64.Build.0 = Release|x64
		{51F8FB1B-6920-411B-BED0-6797702BAB6D}.Release|x86.ActiveCfg = Release|Win32
		{51F8FB1B-6920-411B-BED0-6797702BAB6D}.Release|x86.Build.0 = Release|Win32
		{80915BE3-244D-407C-8AFE-7F1ADB42CC41}.Debug|x64.ActiveCfg = Debug|x64
		{80915BE3-244D-407C-8AFE-7F1ADB42CC41}.Debug|x64.Build.0 = Debug|x64
		{80915BE3-244D-407C-8AFE-7F1ADB42CC41}.Debug|x86.ActiveCfg = Debug|Win32
		{80915BE3-244D-407C-8AFE-7F1ADB42CC41}.Debug|x86.Build.0 = Debug|Win32
		{80915BE3-244D-407C-8AFE-7F1ADB42CC41}.Release|x64.ActiveCfg = Release|x64
		{80915BE3-244D-407C-8AFE-7F1ADB42CC41}.Release|x64.Build.0 = Release|x64
		{80915BE3-244D-407C-8AFE-7F1ADB42CC41}.Release|x86.ActiveCfg = Release|Win32
		{80915BE3-244D-407C-8AFE-7F1ADB42CC41}.Release|x86.Build.0 = Release|Win32
		{8F37621E-10E0-4BBE-ADE7-E5356B573AB1}.Debug|x64.ActiveCfg = Debug|x64
		{8F37621E-10E0-4BBE-ADE7-E5356B573AB1}.Debug|x64.Build.0 = Debug|x64
		{8F37621E-10E0-4BBE-ADE7-E5356B573AB1}.Debug|x86.ActiveCfg = Debug|Win32
		{8F37621E-10E0-4BBE-ADE7-E5356B573AB1}.Debug|x86.Build.0 = Debug|Win32
		{8F37621E-10E0-4BBE-ADE7-E5356B573AB1}.Release|x64.ActiveCfg = Release|x64
		{8F37621E-10E0-4BBE-ADE7-E5356B573AB1}.Release|x64.Build.0 = Release|x64
		{8F37621E-10E0-4BBE-ADE7-E5356B573AB1}.Release|x86.ActiveCfg = Release|Win32
		{8F37621E-10E0-4BBE-ADE7-E5356B573AB1}.Release|x86.Build.0 = Release|Win32
		{4B12B66B-A15D-4910-883E-E3C1B97958F5}.Debug|x64.ActiveCfg = Debug|x64
		{4B12B66B-A15D-4910-883E-E3C1B97958F5}.Debug|x64.Build.0 = Debug|x64
		{4B12B66B-A15D-4910-883E-E3C1B97958F5}.Debug|x86.ActiveCfg = Debug|Win32
		{4B12B66B-A15D-4910-883E-E3C1B97958F5}.Debug|x86.Build.0 = Debug|Win32
		{4B12B66B-A15D-4910-883E-E3C1B97958F5}.Release|x64.ActiveCfg = Release|x64
		{4B12B66B-A15D-4910-883E-E3C1B97958F5}.Release|x64.Build.0 = Release|x64
		{4B12B66B-A15D-4910-883E-E3C1B97958F5}.Release|x86.ActiveCfg = Release|Win32
		{4B12B66B-A15D-4910-883E-E3C1B97958F5}.Release|x86.Build.0 = Release|Win32
		{7D425641-3B7B-452B-922E-8D26078E3E85}.Debug|x64.ActiveCfg = Debug|x64
		{7D425641-3B7B-452B-922E-8D26078E3E85}.Debug|x64.Build.0 = Debug|x64
		{7D425641-3B7B-452B-922E-8D26078E3E85}.Debug|x86.ActiveCfg = Debug|Win32
		{7D425641-3B7B-452B-922E-8D26078E3E85}.Debug|x86.Build.0 = Debug|Win32
		{7D425641-3B7B-452B-922E-8D26078E3E85}.Release|x64.ActiveCfg = Release|x64
		{7D425641-3B7B-452B-922E-8D26078E3E85}.Release|x64.Build.0 = Release|x64
		{7D425641-3B7B-452B-922E-8D26078E3E85}.Release|x86.ActiveCfg = Release|Win32
		{7D425641-3B7B-452B-922E-8D26078E3E85}.Release|x86.Build.0 = Release|Win32
		{51D5305D-486C-4115-BA56-483A39D40FC4}.Debug|x64.ActiveCfg = Debug|x64
		{51D5305D-486C-4115-BA56-483A39D40FC4}.Debug|x64.Build.0 = Debug|x64
		{51D5305D-486C-4115-BA56-483A39D40FC4}.Debug|x86.ActiveCfg = Debug|Win32
		{51D5305D-486C-4115-BA56-483A39D40FC4}.Debug|x86.Build.0 = Debug|Win32
		{51D5305D-486C-4115-BA56-483A39D40FC4}.Release|x64.ActiveCfg = Release|x64
		{51D5305D-486C-4115-BA56-483A39D40FC4}.Release|x64.Build.0 = Release|x64
		{51D5305D-486C-4115-BA56-483A39D40FC4}.Release|x86.ActiveCfg = Release|Win32
		{51D5305D-486C-4115-BA56-483A39D40FC4}.Release|x86.Build.0 = Release|Win32
		{2937BCED-BF53-47B1-BD0A-5B634FE3F871}.Debug|x64.ActiveCfg = Debug|x64
		{2937BCED-BF53-47B1-BD0A-5B634FE3F871}.Debug|x64.Build.0 = Debug|x64
		{2937BCED-BF53-47B1-BD0A-5B634FE3F871}.Debug|x86.ActiveCfg = Debug|Win32
		{2937BCED-BF53-47B1-BD0A-5B634FE3F871}.Debug|x86.Build.0 = Debug|Win32
		{2937BCED-BF53-47B1-BD0A-5B634FE3F871}.Release|x64.ActiveCfg = Release|x64
		{2937BCED-BF53-47B1-BD0A-5B634FE3F871}.Release|x64.Build.0 = Release|x64
		{2937BCED-BF53-47B1-BD0A-5B634FE3F871}.Release|x86.ActiveCfg = Release|Win32
		{2937BCED-BF53-47B1-BD0A-5B634FE3F871}.Release|x86.Build.0 = Release|Win32
		{180B7201-45D8-4AA0-8332-3091B761CE61}.Debug|x64.ActiveCfg = Debug|x64
		{180B7201-45D8-4AA0-8332-3091B761CE61}.Debug|x64.Build.0 = Debug|x64
		{180B7201-45D8-4AA0-8332-3091B761CE61}.Debug|x86.ActiveCfg = Debug|Win32
		{180B7201-45D8-4AA0-8332-3091B761CE61}.Debug|x86.Build.0 = Debug|Win32
		{180B7201-45D8-4AA0-8332-3091B761CE61}.Release|x64.ActiveCfg = Release|x64
		{180B7201-45D8-4AA0-8332-3091B761CE61}.Release|x64.Build.0 = Release|x64
		{180B7201-45D8-4AA0-8332-3091B761CE61}.Release|x86.ActiveCfg = Release|Win32
		{180B7201-45D8-4AA0-8332-3091B761CE61}.Release|x86.Build.0 = Release|Win32
		{BFDE2A31-D796-4F38-AD99-E735AD255D21}.Debug|x64.ActiveCfg = Debug|x64
		{BFDE2A31-D796-4F38-AD99-E735AD255D21}.Debug|x64.Build.0 = Debug|x64
		{BFDE2A31-D796-4F38-AD99-E735AD255D21}.Debug|x86.ActiveCfg = Debug|Win32
		{BFDE2A31-D796-4F38-AD99-E735AD255D21}.Debug|x86.Build.0 = Debug|Win32
		{BFDE2A31-D796-4F38-AD99-E735AD255D21}.Release|x64.ActiveCfg = Release|x64
		{BFDE2A31-D796-4F38-AD99-E735AD255D21}.Release|x64.Build.0 = Release|x64
		{BFDE2A31-D796-4F38-AD99-E735AD255D21}.Release|x86.ActiveCfg = Release|Win32
		{BFDE2A31-D796-4F38-AD99-E735AD255D21}.Release|x86.Build.0 = Release|Win32
		{803C64BA-6FC4-43DE-ADCA-025CED89EC97}.Debug|x64.ActiveCfg = Debug|x64
		{803C64BA-6FC4-43DE-ADCA-025CED89EC97}.Debug|x64.Build.0 = Debug|x64
		{803C64BA-6FC4-43DE-ADCA-025CED89EC97}.Debug|x86.ActiveCfg = Debug|Win32
		{803C64BA-6FC4-43DE-ADCA-025CED89EC97}.Debug|x86.Build.0 = Debug|Win32
		{803C64BA-6FC4-43DE-ADCA-025CED89EC97}.Release|x64.ActiveCfg = Release|x64
		{803C64BA-6FC4-43DE-ADCA-025CED89EC97}.Release|x64.Build.0 = Release|x64
		{803C64BA-6FC4-43DE-ADCA-025CED89EC97}.Release|x86.ActiveCfg = Release|Win32
		{803C64BA-6FC4-43DE-ADCA-025CED89EC97}.Release|x86.Build.0 = Release|Win32
		{C75BADE6-B7EE-48A8-9A6B-C4798DCA09B6}.Debug|x64.ActiveCfg = Debug|x64
		{C75BADE6-B7EE-48A8-9A6B-C4798DCA09B6}.Debug|x64.Build.0 = Debug|x64
		{C75BADE6-B7EE-48A8-9A6B-C4798DCA09B6}.Debug|x86.ActiveCfg = Debug|Win32
		{C75BADE6-B7EE-48A8-9A6B-C4798DCA09B6}.Debug|x86.Build.0 = Debug|Win32
		{C75BADE6-B7EE-48A8-9A6B-C4798DCA09B6}.Release|x64.ActiveCfg = Release|x64
		{C75BADE6-B7EE-48A8-9A6B-C4798DCA09B6}.Release|x64.Build.0 = Release|x64
		{C75BADE6-B7EE-48A8-9A6B-C4798DCA09B6}.Release|x86.ActiveCfg = Release|Win32
		{C75BADE6-B7EE-48A8-9A6B-C4798DCA09B6}.Release|x86.Build.0 = Release|Win32
	EndGlobalSection
	GlobalSection(SolutionProperties) = preSolution
		HideSolutionNode = FALSE
	EndGlobalSection
	GlobalSection(NestedProjects) = preSolution
		{51F8FB1B-6920-411B-BED0-6797702BAB6D} = {F1E6E19B-F137-4A0D-B7F8-2B5065894222}
		{80915BE3-244D-407C-8AFE-7F1ADB42CC41} = {2D0862BA-CE9C-4180-95D8-FA6491F283AE}
		{8F37621E-10E0-4BBE-ADE7-E5356B573AB1} = {8B03E2C4-EB2D-421D-9AEE-E31425413A76}
		{4B12B66B-A15D-4910-883E-E3C1B97958F5} = {9AC2A9F6-61E9-4A3F-96A5-F69DEA4B3172}
		{7D425641-3B7B-452B-922E-8D26078E3E85} = {8F210428-F7A2-4BBF-B527-94DB5DE664CA}
		{51D5305D-486C-4115-BA56-483A39D40FC4} = {C0B14115-CCC0-4AB7-8E9F-935870BAD5A9}
		{2937BCED-BF53-47B1-BD0A-5B634FE3F871} = {34D018D2-A88D-4C11-8EEF-98E8122DC5C5}
		{180B7201-45D8-4AA0-8332-3091B761CE61} = {524402D0-095E-430B-9AD8-8D7B55B59757}
		{BFDE2A31-D796-4F38-AD99-E735AD255D21} = {58290CDA-27C4-411E-A0CA-A40EAEAA7337}
		{803C64BA-6FC4-43DE-ADCA-025CED89EC97} = {88BC5254-E57F-4907-814F-076760AC5698}
		{C75BADE6-B7EE-48A8-9A6B-C4798DCA09B6} = {A61494FB-1798-4EFF-95EB-10EBE9222314}
	EndGlobalSection
	GlobalSection(ExtensibilityGlobals) = postSolution
		SolutionGuid = {11D52B76-C8DD-4051-ACB5-C35EA5305A43}
	EndGlobalSection
EndGlobal
